
Microsoft Visual Studio Solution File, Format Version 12.00
# Visual Studio 15
VisualStudioVersion = 15.0.27703.2018
MinimumVisualStudioVersion = 10.0.40219.1
Project("{FAE04EC0-301F-11D3-BF4B-00C04F79EFBC}") = "EMS", "EMS\EMS.csproj", "{ED4ADF4E-68BB-43BF-B3E3-FFDBA3DA23CE}"
EndProject
Global
	GlobalSection(SolutionConfigurationPlatforms) = preSolution
		Debug|Any CPU = Debug|Any CPU
		Release|Any CPU = Release|Any CPU
	EndGlobalSection
	GlobalSection(ProjectConfigurationPlatforms) = postSolution
		{ED4ADF4E-68BB-43BF-B3E3-FFDBA3DA23CE}.Debug|Any CPU.ActiveCfg = Debug|Any CPU
		{ED4ADF4E-68BB-43BF-B3E3-FFDBA3DA23CE}.Debug|Any CPU.Build.0 = Debug|Any CPU
		{ED4ADF4E-68BB-43BF-B3E3-FFDBA3DA23CE}.Release|Any CPU.ActiveCfg = Release|Any CPU
		{ED4ADF4E-68BB-43BF-B3E3-FFDBA3DA23CE}.Release|Any CPU.Build.0 = Release|Any CPU
	EndGlobalSection
	GlobalSection(SolutionProperties) = preSolution
		HideSolutionNode = FALSE
	EndGlobalSection
	GlobalSection(ExtensibilityGlobals) = postSolution
		SolutionGuid = {4B81698E-C311-4FC5-9E38-041291B97A18}
	EndGlobalSection
EndGlobal
